{
  "name": "randommultiplication",
  "version": "1.0.0",
  "lockfileVersion": 2,
  "requires": true,
  "packages": {
    "": {
      "name": "randommultiplication",
      "version": "1.0.0",
      "license": "ISC",
      "dependencies": {
        "hyperapp": "^2.0.12"
      }
    },
    "node_modules/hyperapp": {
      "version": "2.0.12",
      "resolved": "https://registry.npmjs.org/hyperapp/-/hyperapp-2.0.12.tgz",
      "integrity": "sha512-kDwTunVPE9Lw8HIt7K4vNwEz2xBKhRUBYh4fiXUcZPtFEP6Pfe41bsNbbIO9a5NbI2IeTOwfPrQpTQxQC493MA=="
    }
  },
  "dependencies": {
    "hyperapp": {
      "version": "2.0.12",
      "resolved": "https://registry.npmjs.org/hyperapp/-/hyperapp-2.0.12.tgz",
      "integrity": "sha512-kDwTunVPE9Lw8HIt7K4vNwEz2xBKhRUBYh4fiXUcZPtFEP6Pfe41bsNbbIO9a5NbI2IeTOwfPrQpTQxQC493MA=="
    }
  }
}
